
Microsoft Visual Studio Solution File, Format Version 12.00
# Visual Studio 15
VisualStudioVersion = 15.0.27130.2010
MinimumVisualStudioVersion = 10.0.40219.1
Project("{FAE04EC0-301F-11D3-BF4B-00C04F79EFBC}") = "Business", "Business.csproj", "{586C63C7-552C-40A4-836F-C7094B17B99C}"
EndProject
Global
	GlobalSection(SolutionConfigurationPlatforms) = preSolution
		Debug|Any CPU = Debug|Any CPU
		Release|Any CPU = Release|Any CPU
	EndGlobalSection
	GlobalSection(ProjectConfigurationPlatforms) = postSolution
		{586C63C7-552C-40A4-836F-C7094B17B99C}.Debug|Any CPU.ActiveCfg = Debug|Any CPU
		{586C63C7-552C-40A4-836F-C7094B17B99C}.Debug|Any CPU.Build.0 = Debug|Any CPU
		{586C63C7-552C-40A4-836F-C7094B17B99C}.Release|Any CPU.ActiveCfg = Release|Any CPU
		{586C63C7-552C-40A4-836F-C7094B17B99C}.Release|Any CPU.Build.0 = Release|Any CPU
	EndGlobalSection
	GlobalSection(SolutionProperties) = preSolution
		HideSolutionNode = FALSE
	EndGlobalSection
	GlobalSection(ExtensibilityGlobals) = postSolution
		SolutionGuid = {CE354EE2-3A51-4E74-AF50-EF4872A57A8D}
	EndGlobalSection
EndGlobal
