
Microsoft Visual Studio Solution File, Format Version 12.00
# Visual Studio Version 16
VisualStudioVersion = 16.0.30804.86
MinimumVisualStudioVersion = 10.0.40219.1
Project("{FAE04EC0-301F-11D3-BF4B-00C04F79EFBC}") = "Business", "Business.csproj", "{6E70ADB8-1076-4FC8-B313-2B8786850F10}"
EndProject
Global
	GlobalSection(SolutionConfigurationPlatforms) = preSolution
		Debug|Any CPU = Debug|Any CPU
		Release|Any CPU = Release|Any CPU
	EndGlobalSection
	GlobalSection(ProjectConfigurationPlatforms) = postSolution
		{6E70ADB8-1076-4FC8-B313-2B8786850F10}.Debug|Any CPU.ActiveCfg = Debug|Any CPU
		{6E70ADB8-1076-4FC8-B313-2B8786850F10}.Debug|Any CPU.Build.0 = Debug|Any CPU
		{6E70ADB8-1076-4FC8-B313-2B8786850F10}.Release|Any CPU.ActiveCfg = Release|Any CPU
		{6E70ADB8-1076-4FC8-B313-2B8786850F10}.Release|Any CPU.Build.0 = Release|Any CPU
	EndGlobalSection
	GlobalSection(SolutionProperties) = preSolution
		HideSolutionNode = FALSE
	EndGlobalSection
	GlobalSection(ExtensibilityGlobals) = postSolution
		SolutionGuid = {BCFC3B83-0505-4FBC-A185-2B49E5725FE2}
	EndGlobalSection
EndGlobal
