
Microsoft Visual Studio Solution File, Format Version 12.00
# Visual Studio 15
VisualStudioVersion = 15.0.27130.2010
MinimumVisualStudioVersion = 10.0.40219.1
Project("{2150E333-8FDC-42A3-9474-1A3956D46DE8}") = "Solution Items", "Solution Items", "{5B382604-C6DA-414F-897F-492A50E6BFC3}"
	ProjectSection(SolutionItems) = preProject
		Global.json = Global.json
		History.txt = History.txt
		ReadMe.md = ReadMe.md
		Solution.json = Solution.json
	EndProjectSection
EndProject
Project("{00D1A9C2-B5F0-4AF3-8072-F6C62B433612}") = "Database", "Database\Database.sqlproj", "{E60757B1-6BF8-4BF1-B4B5-F4D086C6CD49}"
EndProject
Project("{FAE04EC0-301F-11D3-BF4B-00C04F79EFBC}") = "Contract", "Contract\Contract.csproj", "{58071B82-07AB-44A1-8F7D-1D88CB87A6F7}"
EndProject
Project("{FAE04EC0-301F-11D3-BF4B-00C04F79EFBC}") = "Data", "Data\Data.csproj", "{9703806E-A554-4BFA-B7EB-34D3AE18B9D2}"
EndProject
Project("{FAE04EC0-301F-11D3-BF4B-00C04F79EFBC}") = "Business", "Business\Business.csproj", "{7936EB35-F93C-41CE-A1E0-813D34C4CA62}"
EndProject
Project("{FAE04EC0-301F-11D3-BF4B-00C04F79EFBC}") = "Proxy", "Proxy\Proxy.csproj", "{6BB61C1F-93CB-4F6B-9D2B-7368E36647A1}"
EndProject
Project("{FAE04EC0-301F-11D3-BF4B-00C04F79EFBC}") = "WinForm", "WinForm\WinForm.csproj", "{5A26CB05-D847-4794-99DA-231D1B6781CE}"
EndProject
Project("{FAE04EC0-301F-11D3-BF4B-00C04F79EFBC}") = "Web", "Web\Web.csproj", "{5E1EB61C-C65C-45BF-AD22-51FCD7B32A7D}"
EndProject
Project("{9A19103F-16F7-4668-BE54-9A1E7A4F7556}") = "DatabaseManager", "DatabaseManager\DatabaseManager.csproj", "{0DD06E07-B018-4F76-9475-4B20EF11248C}"
EndProject
Project("{2150E333-8FDC-42A3-9474-1A3956D46DE8}") = "database", "database", "{3B9BF184-259D-4778-BC8F-C605D0006877}"
EndProject
Project("{2150E333-8FDC-42A3-9474-1A3956D46DE8}") = "dotNetFramework", "dotNetFramework", "{5A929FEC-BE6D-44FA-A339-F0B2F2ADEA68}"
EndProject
Global
	GlobalSection(SolutionConfigurationPlatforms) = preSolution
		Debug|Any CPU = Debug|Any CPU
		Release|Any CPU = Release|Any CPU
	EndGlobalSection
	GlobalSection(NestedProjects) = preSolution
		{0dd06e07-b018-4f76-9475-4b20ef11248c} = {3b9bf184-259d-4778-bc8f-c605d0006877}
		{5e1eb61c-c65c-45bf-ad22-51fcd7b32a7d} = {5a929fec-be6d-44fa-a339-f0b2f2adea68}
		{5a26cb05-d847-4794-99da-231d1b6781ce} = {5a929fec-be6d-44fa-a339-f0b2f2adea68}
		{6bb61c1f-93cb-4f6b-9d2b-7368e36647a1} = {5a929fec-be6d-44fa-a339-f0b2f2adea68}
		{7936eb35-f93c-41ce-a1e0-813d34c4ca62} = {5a929fec-be6d-44fa-a339-f0b2f2adea68}
		{9703806e-a554-4bfa-b7eb-34d3ae18b9d2} = {5a929fec-be6d-44fa-a339-f0b2f2adea68}
		{58071b82-07ab-44a1-8f7d-1d88cb87a6f7} = {5a929fec-be6d-44fa-a339-f0b2f2adea68}
		{e60757b1-6bf8-4bf1-b4b5-f4d086c6cd49} = {3b9bf184-259d-4778-bc8f-c605d0006877}
	EndGlobalSection
	GlobalSection(ProjectConfigurationPlatforms) = postSolution
		{E60757B1-6BF8-4BF1-B4B5-F4D086C6CD49}.Debug|Any CPU.ActiveCfg = Debug|Any CPU
		{E60757B1-6BF8-4BF1-B4B5-F4D086C6CD49}.Debug|Any CPU.Build.0 = Debug|Any CPU
		{E60757B1-6BF8-4BF1-B4B5-F4D086C6CD49}.Debug|Any CPU.Deploy.0 = Debug|Any CPU
		{E60757B1-6BF8-4BF1-B4B5-F4D086C6CD49}.Release|Any CPU.ActiveCfg = Release|Any CPU
		{E60757B1-6BF8-4BF1-B4B5-F4D086C6CD49}.Release|Any CPU.Build.0 = Release|Any CPU
		{E60757B1-6BF8-4BF1-B4B5-F4D086C6CD49}.Release|Any CPU.Deploy.0 = Release|Any CPU
		{58071B82-07AB-44A1-8F7D-1D88CB87A6F7}.Debug|Any CPU.ActiveCfg = Debug|Any CPU
		{58071B82-07AB-44A1-8F7D-1D88CB87A6F7}.Debug|Any CPU.Build.0 = Debug|Any CPU
		{58071B82-07AB-44A1-8F7D-1D88CB87A6F7}.Release|Any CPU.ActiveCfg = Release|Any CPU
		{58071B82-07AB-44A1-8F7D-1D88CB87A6F7}.Release|Any CPU.Build.0 = Release|Any CPU
		{9703806E-A554-4BFA-B7EB-34D3AE18B9D2}.Debug|Any CPU.ActiveCfg = Debug|Any CPU
		{9703806E-A554-4BFA-B7EB-34D3AE18B9D2}.Debug|Any CPU.Build.0 = Debug|Any CPU
		{9703806E-A554-4BFA-B7EB-34D3AE18B9D2}.Release|Any CPU.ActiveCfg = Release|Any CPU
		{9703806E-A554-4BFA-B7EB-34D3AE18B9D2}.Release|Any CPU.Build.0 = Release|Any CPU
		{7936EB35-F93C-41CE-A1E0-813D34C4CA62}.Debug|Any CPU.ActiveCfg = Debug|Any CPU
		{7936EB35-F93C-41CE-A1E0-813D34C4CA62}.Debug|Any CPU.Build.0 = Debug|Any CPU
		{7936EB35-F93C-41CE-A1E0-813D34C4CA62}.Release|Any CPU.ActiveCfg = Release|Any CPU
		{7936EB35-F93C-41CE-A1E0-813D34C4CA62}.Release|Any CPU.Build.0 = Release|Any CPU
		{6BB61C1F-93CB-4F6B-9D2B-7368E36647A1}.Debug|Any CPU.ActiveCfg = Debug|Any CPU
		{6BB61C1F-93CB-4F6B-9D2B-7368E36647A1}.Debug|Any CPU.Build.0 = Debug|Any CPU
		{6BB61C1F-93CB-4F6B-9D2B-7368E36647A1}.Release|Any CPU.ActiveCfg = Release|Any CPU
		{6BB61C1F-93CB-4F6B-9D2B-7368E36647A1}.Release|Any CPU.Build.0 = Release|Any CPU
		{5A26CB05-D847-4794-99DA-231D1B6781CE}.Debug|Any CPU.ActiveCfg = Debug|Any CPU
		{5A26CB05-D847-4794-99DA-231D1B6781CE}.Debug|Any CPU.Build.0 = Debug|Any CPU
		{5A26CB05-D847-4794-99DA-231D1B6781CE}.Release|Any CPU.ActiveCfg = Release|Any CPU
		{5A26CB05-D847-4794-99DA-231D1B6781CE}.Release|Any CPU.Build.0 = Release|Any CPU
		{5E1EB61C-C65C-45BF-AD22-51FCD7B32A7D}.Debug|Any CPU.ActiveCfg = Debug|Any CPU
		{5E1EB61C-C65C-45BF-AD22-51FCD7B32A7D}.Debug|Any CPU.Build.0 = Debug|Any CPU
		{5E1EB61C-C65C-45BF-AD22-51FCD7B32A7D}.Release|Any CPU.ActiveCfg = Release|Any CPU
		{5E1EB61C-C65C-45BF-AD22-51FCD7B32A7D}.Release|Any CPU.Build.0 = Release|Any CPU
		{0DD06E07-B018-4F76-9475-4B20EF11248C}.Debug|Any CPU.ActiveCfg = Debug|Any CPU
		{0DD06E07-B018-4F76-9475-4B20EF11248C}.Debug|Any CPU.Build.0 = Debug|Any CPU
		{0DD06E07-B018-4F76-9475-4B20EF11248C}.Release|Any CPU.ActiveCfg = Release|Any CPU
		{0DD06E07-B018-4F76-9475-4B20EF11248C}.Release|Any CPU.Build.0 = Release|Any CPU
	EndGlobalSection
	GlobalSection(SolutionProperties) = preSolution
		HideSolutionNode = FALSE
	EndGlobalSection
	GlobalSection(ExtensibilityGlobals) = postSolution
		SolutionGuid = {BA685B81-AFE1-475F-AAD9-C313A5F73E05}
	EndGlobalSection
EndGlobal
