
Microsoft Visual Studio Solution File, Format Version 12.00
# Visual Studio 15
VisualStudioVersion = 15.0.27130.2010
MinimumVisualStudioVersion = 10.0.40219.1
Project("{2150E333-8FDC-42A3-9474-1A3956D46DE8}") = "Solution Items", "Solution Items", "{5B382604-C6DA-414F-897F-492A50E6BFC3}"
	ProjectSection(SolutionItems) = preProject
		Global.json = Global.json
		History.txt = History.txt
		Solution.json = Solution.json
	EndProjectSection
EndProject
Project("{00D1A9C2-B5F0-4AF3-8072-F6C62B433612}") = "Database", "Database\Database.sqlproj", "{5CFB5ACB-434C-4E33-8B52-C8B8743AD699}"
EndProject
Project("{FAE04EC0-301F-11D3-BF4B-00C04F79EFBC}") = "Contract", "Contract\Contract.csproj", "{396F0615-40B9-45B9-865B-5ABB77AD418C}"
EndProject
Project("{FAE04EC0-301F-11D3-BF4B-00C04F79EFBC}") = "Data", "Data\Data.csproj", "{A1C77AFE-6CF3-478F-B938-0C070AD49BF5}"
EndProject
Project("{FAE04EC0-301F-11D3-BF4B-00C04F79EFBC}") = "Business", "Business\Business.csproj", "{D1ED5F5D-3611-4CC3-9288-F21EEA99E092}"
EndProject
Project("{FAE04EC0-301F-11D3-BF4B-00C04F79EFBC}") = "Proxy", "Proxy\Proxy.csproj", "{35C487B9-79C9-4099-9AE3-4359A7FF481B}"
EndProject
Project("{FAE04EC0-301F-11D3-BF4B-00C04F79EFBC}") = "WinForm", "WinForm\WinForm.csproj", "{929B851D-AFCB-42B7-949C-643314A4C397}"
EndProject
Project("{FAE04EC0-301F-11D3-BF4B-00C04F79EFBC}") = "Web", "Web\Web.csproj", "{EC0EDD66-F23F-4CDE-A8D8-5083FC838F9E}"
EndProject
Project("{9A19103F-16F7-4668-BE54-9A1E7A4F7556}") = "DatabaseManager", "DatabaseManager\DatabaseManager.csproj", "{0DD06E07-B018-4F76-9475-4B20EF11248C}"
EndProject
Project("{2150E333-8FDC-42A3-9474-1A3956D46DE8}") = "database", "database", "{92906922-0175-4ED8-B64A-DD66EE789149}"
EndProject
Project("{2150E333-8FDC-42A3-9474-1A3956D46DE8}") = "dotNetFramework", "dotNetFramework", "{33BBFEEF-66E3-4338-8302-73A3DE2F7909}"
EndProject
Global
	GlobalSection(SolutionConfigurationPlatforms) = preSolution
		Debug|Any CPU = Debug|Any CPU
		Release|Any CPU = Release|Any CPU
	EndGlobalSection
	GlobalSection(NestedProjects) = preSolution
		{0dd06e07-b018-4f76-9475-4b20ef11248c} = {92906922-0175-4ed8-b64a-dd66ee789149}
		{ec0edd66-f23f-4cde-a8d8-5083fc838f9e} = {33bbfeef-66e3-4338-8302-73a3de2f7909}
		{929b851d-afcb-42b7-949c-643314a4c397} = {33bbfeef-66e3-4338-8302-73a3de2f7909}
		{35c487b9-79c9-4099-9ae3-4359a7ff481b} = {33bbfeef-66e3-4338-8302-73a3de2f7909}
		{d1ed5f5d-3611-4cc3-9288-f21eea99e092} = {33bbfeef-66e3-4338-8302-73a3de2f7909}
		{a1c77afe-6cf3-478f-b938-0c070ad49bf5} = {33bbfeef-66e3-4338-8302-73a3de2f7909}
		{396f0615-40b9-45b9-865b-5abb77ad418c} = {33bbfeef-66e3-4338-8302-73a3de2f7909}
		{5cfb5acb-434c-4e33-8b52-c8b8743ad699} = {92906922-0175-4ed8-b64a-dd66ee789149}
	EndGlobalSection
	GlobalSection(ProjectConfigurationPlatforms) = postSolution
		{5CFB5ACB-434C-4E33-8B52-C8B8743AD699}.Debug|Any CPU.ActiveCfg = Debug|Any CPU
		{5CFB5ACB-434C-4E33-8B52-C8B8743AD699}.Debug|Any CPU.Build.0 = Debug|Any CPU
		{5CFB5ACB-434C-4E33-8B52-C8B8743AD699}.Debug|Any CPU.Deploy.0 = Debug|Any CPU
		{5CFB5ACB-434C-4E33-8B52-C8B8743AD699}.Release|Any CPU.ActiveCfg = Release|Any CPU
		{5CFB5ACB-434C-4E33-8B52-C8B8743AD699}.Release|Any CPU.Build.0 = Release|Any CPU
		{5CFB5ACB-434C-4E33-8B52-C8B8743AD699}.Release|Any CPU.Deploy.0 = Release|Any CPU
		{396F0615-40B9-45B9-865B-5ABB77AD418C}.Debug|Any CPU.ActiveCfg = Debug|Any CPU
		{396F0615-40B9-45B9-865B-5ABB77AD418C}.Debug|Any CPU.Build.0 = Debug|Any CPU
		{396F0615-40B9-45B9-865B-5ABB77AD418C}.Release|Any CPU.ActiveCfg = Release|Any CPU
		{396F0615-40B9-45B9-865B-5ABB77AD418C}.Release|Any CPU.Build.0 = Release|Any CPU
		{A1C77AFE-6CF3-478F-B938-0C070AD49BF5}.Debug|Any CPU.ActiveCfg = Debug|Any CPU
		{A1C77AFE-6CF3-478F-B938-0C070AD49BF5}.Debug|Any CPU.Build.0 = Debug|Any CPU
		{A1C77AFE-6CF3-478F-B938-0C070AD49BF5}.Release|Any CPU.ActiveCfg = Release|Any CPU
		{A1C77AFE-6CF3-478F-B938-0C070AD49BF5}.Release|Any CPU.Build.0 = Release|Any CPU
		{D1ED5F5D-3611-4CC3-9288-F21EEA99E092}.Debug|Any CPU.ActiveCfg = Debug|Any CPU
		{D1ED5F5D-3611-4CC3-9288-F21EEA99E092}.Debug|Any CPU.Build.0 = Debug|Any CPU
		{D1ED5F5D-3611-4CC3-9288-F21EEA99E092}.Release|Any CPU.ActiveCfg = Release|Any CPU
		{D1ED5F5D-3611-4CC3-9288-F21EEA99E092}.Release|Any CPU.Build.0 = Release|Any CPU
		{35C487B9-79C9-4099-9AE3-4359A7FF481B}.Debug|Any CPU.ActiveCfg = Debug|Any CPU
		{35C487B9-79C9-4099-9AE3-4359A7FF481B}.Debug|Any CPU.Build.0 = Debug|Any CPU
		{35C487B9-79C9-4099-9AE3-4359A7FF481B}.Release|Any CPU.ActiveCfg = Release|Any CPU
		{35C487B9-79C9-4099-9AE3-4359A7FF481B}.Release|Any CPU.Build.0 = Release|Any CPU
		{929B851D-AFCB-42B7-949C-643314A4C397}.Debug|Any CPU.ActiveCfg = Debug|Any CPU
		{929B851D-AFCB-42B7-949C-643314A4C397}.Debug|Any CPU.Build.0 = Debug|Any CPU
		{929B851D-AFCB-42B7-949C-643314A4C397}.Release|Any CPU.ActiveCfg = Release|Any CPU
		{929B851D-AFCB-42B7-949C-643314A4C397}.Release|Any CPU.Build.0 = Release|Any CPU
		{EC0EDD66-F23F-4CDE-A8D8-5083FC838F9E}.Debug|Any CPU.ActiveCfg = Debug|Any CPU
		{EC0EDD66-F23F-4CDE-A8D8-5083FC838F9E}.Debug|Any CPU.Build.0 = Debug|Any CPU
		{EC0EDD66-F23F-4CDE-A8D8-5083FC838F9E}.Release|Any CPU.ActiveCfg = Release|Any CPU
		{EC0EDD66-F23F-4CDE-A8D8-5083FC838F9E}.Release|Any CPU.Build.0 = Release|Any CPU
		{0DD06E07-B018-4F76-9475-4B20EF11248C}.Debug|Any CPU.ActiveCfg = Debug|Any CPU
		{0DD06E07-B018-4F76-9475-4B20EF11248C}.Debug|Any CPU.Build.0 = Debug|Any CPU
		{0DD06E07-B018-4F76-9475-4B20EF11248C}.Release|Any CPU.ActiveCfg = Release|Any CPU
		{0DD06E07-B018-4F76-9475-4B20EF11248C}.Release|Any CPU.Build.0 = Release|Any CPU
	EndGlobalSection
	GlobalSection(SolutionProperties) = preSolution
		HideSolutionNode = FALSE
	EndGlobalSection
	GlobalSection(ExtensibilityGlobals) = postSolution
		SolutionGuid = {F1CDB506-AD2E-465B-91CE-AFE840EAFF0B}
	EndGlobalSection
EndGlobal
