
Microsoft Visual Studio Solution File, Format Version 12.00
# Visual Studio 15
VisualStudioVersion = 15.0.27130.2010
MinimumVisualStudioVersion = 10.0.40219.1
Project("{2150E333-8FDC-42A3-9474-1A3956D46DE8}") = "Solution Items", "Solution Items", "{5B382604-C6DA-414F-897F-492A50E6BFC3}"
	ProjectSection(SolutionItems) = preProject
		Global.json = Global.json
		History.txt = History.txt
		Solution.json = Solution.json
	EndProjectSection
EndProject
Project("{00D1A9C2-B5F0-4AF3-8072-F6C62B433612}") = "Database", "Database\Database.sqlproj", "{13D039F2-23D6-4E7E-8EFF-82BBF9064BA1}"
EndProject
Project("{FAE04EC0-301F-11D3-BF4B-00C04F79EFBC}") = "Contract", "Contract\Contract.csproj", "{C4B0440D-8A55-40E8-B474-14387F39FF87}"
EndProject
Project("{FAE04EC0-301F-11D3-BF4B-00C04F79EFBC}") = "Data", "Data\Data.csproj", "{91D3F51A-A101-4394-8B59-5D72489BAF1F}"
EndProject
Project("{FAE04EC0-301F-11D3-BF4B-00C04F79EFBC}") = "Business", "Business\Business.csproj", "{586C63C7-552C-40A4-836F-C7094B17B99C}"
EndProject
Project("{FAE04EC0-301F-11D3-BF4B-00C04F79EFBC}") = "Proxy", "Proxy\Proxy.csproj", "{B43E32E2-C79B-4A39-AD8D-5298C0012DD6}"
EndProject
Project("{FAE04EC0-301F-11D3-BF4B-00C04F79EFBC}") = "WinForm", "WinForm\WinForm.csproj", "{D88E8C4A-A308-4458-8B2F-C78848353984}"
EndProject
Project("{FAE04EC0-301F-11D3-BF4B-00C04F79EFBC}") = "Web", "Web\Web.csproj", "{41344416-5C7A-4123-B88C-EDE9E7DE2E70}"
EndProject
Project("{9A19103F-16F7-4668-BE54-9A1E7A4F7556}") = "DatabaseManager", "DatabaseManager\DatabaseManager.csproj", "{0DD06E07-B018-4F76-9475-4B20EF11248C}"
EndProject
Project("{2150E333-8FDC-42A3-9474-1A3956D46DE8}") = "database", "database", "{E0CE92D1-D147-4EAD-8C62-6A107D7F3740}"
EndProject
Project("{2150E333-8FDC-42A3-9474-1A3956D46DE8}") = "dotNetFramework", "dotNetFramework", "{CFDA58A0-0CFD-4187-80B6-549A5D92FE02}"
EndProject
Global
	GlobalSection(SolutionConfigurationPlatforms) = preSolution
		Debug|Any CPU = Debug|Any CPU
		Release|Any CPU = Release|Any CPU
	EndGlobalSection
	GlobalSection(NestedProjects) = preSolution
		{0dd06e07-b018-4f76-9475-4b20ef11248c} = {e0ce92d1-d147-4ead-8c62-6a107d7f3740}
		{41344416-5c7a-4123-b88c-ede9e7de2e70} = {cfda58a0-0cfd-4187-80b6-549a5d92fe02}
		{d88e8c4a-a308-4458-8b2f-c78848353984} = {cfda58a0-0cfd-4187-80b6-549a5d92fe02}
		{b43e32e2-c79b-4a39-ad8d-5298c0012dd6} = {cfda58a0-0cfd-4187-80b6-549a5d92fe02}
		{586c63c7-552c-40a4-836f-c7094b17b99c} = {cfda58a0-0cfd-4187-80b6-549a5d92fe02}
		{91d3f51a-a101-4394-8b59-5d72489baf1f} = {cfda58a0-0cfd-4187-80b6-549a5d92fe02}
		{c4b0440d-8a55-40e8-b474-14387f39ff87} = {cfda58a0-0cfd-4187-80b6-549a5d92fe02}
		{13d039f2-23d6-4e7e-8eff-82bbf9064ba1} = {e0ce92d1-d147-4ead-8c62-6a107d7f3740}
	EndGlobalSection
	GlobalSection(ProjectConfigurationPlatforms) = postSolution
		{13D039F2-23D6-4E7E-8EFF-82BBF9064BA1}.Debug|Any CPU.ActiveCfg = Debug|Any CPU
		{13D039F2-23D6-4E7E-8EFF-82BBF9064BA1}.Debug|Any CPU.Build.0 = Debug|Any CPU
		{13D039F2-23D6-4E7E-8EFF-82BBF9064BA1}.Debug|Any CPU.Deploy.0 = Debug|Any CPU
		{13D039F2-23D6-4E7E-8EFF-82BBF9064BA1}.Release|Any CPU.ActiveCfg = Release|Any CPU
		{13D039F2-23D6-4E7E-8EFF-82BBF9064BA1}.Release|Any CPU.Build.0 = Release|Any CPU
		{13D039F2-23D6-4E7E-8EFF-82BBF9064BA1}.Release|Any CPU.Deploy.0 = Release|Any CPU
		{C4B0440D-8A55-40E8-B474-14387F39FF87}.Debug|Any CPU.ActiveCfg = Debug|Any CPU
		{C4B0440D-8A55-40E8-B474-14387F39FF87}.Debug|Any CPU.Build.0 = Debug|Any CPU
		{C4B0440D-8A55-40E8-B474-14387F39FF87}.Release|Any CPU.ActiveCfg = Release|Any CPU
		{C4B0440D-8A55-40E8-B474-14387F39FF87}.Release|Any CPU.Build.0 = Release|Any CPU
		{91D3F51A-A101-4394-8B59-5D72489BAF1F}.Debug|Any CPU.ActiveCfg = Debug|Any CPU
		{91D3F51A-A101-4394-8B59-5D72489BAF1F}.Debug|Any CPU.Build.0 = Debug|Any CPU
		{91D3F51A-A101-4394-8B59-5D72489BAF1F}.Release|Any CPU.ActiveCfg = Release|Any CPU
		{91D3F51A-A101-4394-8B59-5D72489BAF1F}.Release|Any CPU.Build.0 = Release|Any CPU
		{586C63C7-552C-40A4-836F-C7094B17B99C}.Debug|Any CPU.ActiveCfg = Debug|Any CPU
		{586C63C7-552C-40A4-836F-C7094B17B99C}.Debug|Any CPU.Build.0 = Debug|Any CPU
		{586C63C7-552C-40A4-836F-C7094B17B99C}.Release|Any CPU.ActiveCfg = Release|Any CPU
		{586C63C7-552C-40A4-836F-C7094B17B99C}.Release|Any CPU.Build.0 = Release|Any CPU
		{B43E32E2-C79B-4A39-AD8D-5298C0012DD6}.Debug|Any CPU.ActiveCfg = Debug|Any CPU
		{B43E32E2-C79B-4A39-AD8D-5298C0012DD6}.Debug|Any CPU.Build.0 = Debug|Any CPU
		{B43E32E2-C79B-4A39-AD8D-5298C0012DD6}.Release|Any CPU.ActiveCfg = Release|Any CPU
		{B43E32E2-C79B-4A39-AD8D-5298C0012DD6}.Release|Any CPU.Build.0 = Release|Any CPU
		{D88E8C4A-A308-4458-8B2F-C78848353984}.Debug|Any CPU.ActiveCfg = Debug|Any CPU
		{D88E8C4A-A308-4458-8B2F-C78848353984}.Debug|Any CPU.Build.0 = Debug|Any CPU
		{D88E8C4A-A308-4458-8B2F-C78848353984}.Release|Any CPU.ActiveCfg = Release|Any CPU
		{D88E8C4A-A308-4458-8B2F-C78848353984}.Release|Any CPU.Build.0 = Release|Any CPU
		{41344416-5C7A-4123-B88C-EDE9E7DE2E70}.Debug|Any CPU.ActiveCfg = Debug|Any CPU
		{41344416-5C7A-4123-B88C-EDE9E7DE2E70}.Debug|Any CPU.Build.0 = Debug|Any CPU
		{41344416-5C7A-4123-B88C-EDE9E7DE2E70}.Release|Any CPU.ActiveCfg = Release|Any CPU
		{41344416-5C7A-4123-B88C-EDE9E7DE2E70}.Release|Any CPU.Build.0 = Release|Any CPU
		{0DD06E07-B018-4F76-9475-4B20EF11248C}.Debug|Any CPU.ActiveCfg = Debug|Any CPU
		{0DD06E07-B018-4F76-9475-4B20EF11248C}.Debug|Any CPU.Build.0 = Debug|Any CPU
		{0DD06E07-B018-4F76-9475-4B20EF11248C}.Release|Any CPU.ActiveCfg = Release|Any CPU
		{0DD06E07-B018-4F76-9475-4B20EF11248C}.Release|Any CPU.Build.0 = Release|Any CPU
	EndGlobalSection
	GlobalSection(SolutionProperties) = preSolution
		HideSolutionNode = FALSE
	EndGlobalSection
	GlobalSection(ExtensibilityGlobals) = postSolution
		SolutionGuid = {151AAB67-6991-4A7A-9BB5-F048049FD1A4}
	EndGlobalSection
EndGlobal
