
Microsoft Visual Studio Solution File, Format Version 12.00
# Visual Studio 2013
VisualStudioVersion = 12.0.31101.0
MinimumVisualStudioVersion = 10.0.40219.1
Project("{FAE04EC0-301F-11D3-BF4B-00C04F79EFBC}") = "DataAccessLayer", "DataAccessLayer\DataAccessLayer.csproj", "{E86A43F3-3970-40BF-8C5D-A6490C1A47A7}"
EndProject
Project("{FAE04EC0-301F-11D3-BF4B-00C04F79EFBC}") = "BusinessLogicLayer", "BusinessLogicLayer\BusinessLogicLayer.csproj", "{2BEABE8A-C1AA-4698-871D-BFCE6A16AE4B}"
EndProject
Project("{FAE04EC0-301F-11D3-BF4B-00C04F79EFBC}") = "UserInterface", "UserInterface\UserInterface.csproj", "{25F530F6-127F-451D-B1EA-F4C0CAB245D6}"
	ProjectSection(ProjectDependencies) = postProject
		{2BEABE8A-C1AA-4698-871D-BFCE6A16AE4B} = {2BEABE8A-C1AA-4698-871D-BFCE6A16AE4B}
	EndProjectSection
EndProject
Project("{FAE04EC0-301F-11D3-BF4B-00C04F79EFBC}") = "proxy", "proxy\proxy.csproj", "{A2E702AD-461B-4065-A728-2E322BF43121}"
EndProject
Project("{00D1A9C2-B5F0-4AF3-8072-F6C62B433612}") = "database", "..\database\database.sqlproj", "{0008367D-6FAD-4BD1-AF74-7C9CA289A2D8}"
EndProject
Project("{FAE04EC0-301F-11D3-BF4B-00C04F79EFBC}") = "sql2wcf", "sql2wcf\sql2wcf\sql2wcf.csproj", "{9E6F2C81-FFB0-44CE-A81C-E55D7AD6928A}"
EndProject
Project("{2150E333-8FDC-42A3-9474-1A3956D46DE8}") = "Solution Items", "Solution Items", "{169800D0-B792-4309-A175-48F3131276B1}"
	ProjectSection(SolutionItems) = preProject
		Sql2Wcf.config = Sql2Wcf.config
		sql2wcf.json = sql2wcf.json
	EndProjectSection
EndProject
Project("{FAE04EC0-301F-11D3-BF4B-00C04F79EFBC}") = "web", "web\web.csproj", "{73A62EFC-F872-4BF3-83CE-3EF5E11D7B7C}"
EndProject
Project("{FAE04EC0-301F-11D3-BF4B-00C04F79EFBC}") = "documentation", "documentation\documentation.csproj", "{911FAE2C-E41F-45BA-B1B3-341A7D188D41}"
EndProject
Global
	GlobalSection(SolutionConfigurationPlatforms) = preSolution
		Debug|Any CPU = Debug|Any CPU
		Debug|Mixed Platforms = Debug|Mixed Platforms
		Debug|x86 = Debug|x86
		Release|Any CPU = Release|Any CPU
		Release|Mixed Platforms = Release|Mixed Platforms
		Release|x86 = Release|x86
	EndGlobalSection
	GlobalSection(ProjectConfigurationPlatforms) = postSolution
		{E86A43F3-3970-40BF-8C5D-A6490C1A47A7}.Debug|Any CPU.ActiveCfg = Debug|Any CPU
		{E86A43F3-3970-40BF-8C5D-A6490C1A47A7}.Debug|Any CPU.Build.0 = Debug|Any CPU
		{E86A43F3-3970-40BF-8C5D-A6490C1A47A7}.Debug|Mixed Platforms.ActiveCfg = Debug|Any CPU
		{E86A43F3-3970-40BF-8C5D-A6490C1A47A7}.Debug|Mixed Platforms.Build.0 = Debug|Any CPU
		{E86A43F3-3970-40BF-8C5D-A6490C1A47A7}.Debug|x86.ActiveCfg = Debug|Any CPU
		{E86A43F3-3970-40BF-8C5D-A6490C1A47A7}.Release|Any CPU.ActiveCfg = Release|Any CPU
		{E86A43F3-3970-40BF-8C5D-A6490C1A47A7}.Release|Any CPU.Build.0 = Release|Any CPU
		{E86A43F3-3970-40BF-8C5D-A6490C1A47A7}.Release|Mixed Platforms.ActiveCfg = Release|Any CPU
		{E86A43F3-3970-40BF-8C5D-A6490C1A47A7}.Release|Mixed Platforms.Build.0 = Release|Any CPU
		{E86A43F3-3970-40BF-8C5D-A6490C1A47A7}.Release|x86.ActiveCfg = Release|Any CPU
		{2BEABE8A-C1AA-4698-871D-BFCE6A16AE4B}.Debug|Any CPU.ActiveCfg = Debug|Any CPU
		{2BEABE8A-C1AA-4698-871D-BFCE6A16AE4B}.Debug|Any CPU.Build.0 = Debug|Any CPU
		{2BEABE8A-C1AA-4698-871D-BFCE6A16AE4B}.Debug|Mixed Platforms.ActiveCfg = Debug|Any CPU
		{2BEABE8A-C1AA-4698-871D-BFCE6A16AE4B}.Debug|Mixed Platforms.Build.0 = Debug|Any CPU
		{2BEABE8A-C1AA-4698-871D-BFCE6A16AE4B}.Debug|x86.ActiveCfg = Debug|Any CPU
		{2BEABE8A-C1AA-4698-871D-BFCE6A16AE4B}.Release|Any CPU.ActiveCfg = Release|Any CPU
		{2BEABE8A-C1AA-4698-871D-BFCE6A16AE4B}.Release|Any CPU.Build.0 = Release|Any CPU
		{2BEABE8A-C1AA-4698-871D-BFCE6A16AE4B}.Release|Mixed Platforms.ActiveCfg = Release|Any CPU
		{2BEABE8A-C1AA-4698-871D-BFCE6A16AE4B}.Release|Mixed Platforms.Build.0 = Release|Any CPU
		{2BEABE8A-C1AA-4698-871D-BFCE6A16AE4B}.Release|x86.ActiveCfg = Release|Any CPU
		{25F530F6-127F-451D-B1EA-F4C0CAB245D6}.Debug|Any CPU.ActiveCfg = Debug|x86
		{25F530F6-127F-451D-B1EA-F4C0CAB245D6}.Debug|Mixed Platforms.ActiveCfg = Debug|x86
		{25F530F6-127F-451D-B1EA-F4C0CAB245D6}.Debug|Mixed Platforms.Build.0 = Debug|x86
		{25F530F6-127F-451D-B1EA-F4C0CAB245D6}.Debug|x86.ActiveCfg = Debug|x86
		{25F530F6-127F-451D-B1EA-F4C0CAB245D6}.Debug|x86.Build.0 = Debug|x86
		{25F530F6-127F-451D-B1EA-F4C0CAB245D6}.Release|Any CPU.ActiveCfg = Release|x86
		{25F530F6-127F-451D-B1EA-F4C0CAB245D6}.Release|Mixed Platforms.ActiveCfg = Release|x86
		{25F530F6-127F-451D-B1EA-F4C0CAB245D6}.Release|Mixed Platforms.Build.0 = Release|x86
		{25F530F6-127F-451D-B1EA-F4C0CAB245D6}.Release|x86.ActiveCfg = Release|x86
		{25F530F6-127F-451D-B1EA-F4C0CAB245D6}.Release|x86.Build.0 = Release|x86
		{A2E702AD-461B-4065-A728-2E322BF43121}.Debug|Any CPU.ActiveCfg = Debug|Any CPU
		{A2E702AD-461B-4065-A728-2E322BF43121}.Debug|Any CPU.Build.0 = Debug|Any CPU
		{A2E702AD-461B-4065-A728-2E322BF43121}.Debug|Mixed Platforms.ActiveCfg = Debug|Any CPU
		{A2E702AD-461B-4065-A728-2E322BF43121}.Debug|Mixed Platforms.Build.0 = Debug|Any CPU
		{A2E702AD-461B-4065-A728-2E322BF43121}.Debug|x86.ActiveCfg = Debug|Any CPU
		{A2E702AD-461B-4065-A728-2E322BF43121}.Release|Any CPU.ActiveCfg = Release|Any CPU
		{A2E702AD-461B-4065-A728-2E322BF43121}.Release|Any CPU.Build.0 = Release|Any CPU
		{A2E702AD-461B-4065-A728-2E322BF43121}.Release|Mixed Platforms.ActiveCfg = Release|Any CPU
		{A2E702AD-461B-4065-A728-2E322BF43121}.Release|Mixed Platforms.Build.0 = Release|Any CPU
		{A2E702AD-461B-4065-A728-2E322BF43121}.Release|x86.ActiveCfg = Release|Any CPU
		{0008367D-6FAD-4BD1-AF74-7C9CA289A2D8}.Debug|Any CPU.ActiveCfg = Debug|Any CPU
		{0008367D-6FAD-4BD1-AF74-7C9CA289A2D8}.Debug|Any CPU.Build.0 = Debug|Any CPU
		{0008367D-6FAD-4BD1-AF74-7C9CA289A2D8}.Debug|Any CPU.Deploy.0 = Debug|Any CPU
		{0008367D-6FAD-4BD1-AF74-7C9CA289A2D8}.Debug|Mixed Platforms.ActiveCfg = Debug|Any CPU
		{0008367D-6FAD-4BD1-AF74-7C9CA289A2D8}.Debug|Mixed Platforms.Build.0 = Debug|Any CPU
		{0008367D-6FAD-4BD1-AF74-7C9CA289A2D8}.Debug|Mixed Platforms.Deploy.0 = Debug|Any CPU
		{0008367D-6FAD-4BD1-AF74-7C9CA289A2D8}.Debug|x86.ActiveCfg = Debug|Any CPU
		{0008367D-6FAD-4BD1-AF74-7C9CA289A2D8}.Release|Any CPU.ActiveCfg = Release|Any CPU
		{0008367D-6FAD-4BD1-AF74-7C9CA289A2D8}.Release|Any CPU.Build.0 = Release|Any CPU
		{0008367D-6FAD-4BD1-AF74-7C9CA289A2D8}.Release|Any CPU.Deploy.0 = Release|Any CPU
		{0008367D-6FAD-4BD1-AF74-7C9CA289A2D8}.Release|Mixed Platforms.ActiveCfg = Release|Any CPU
		{0008367D-6FAD-4BD1-AF74-7C9CA289A2D8}.Release|Mixed Platforms.Build.0 = Release|Any CPU
		{0008367D-6FAD-4BD1-AF74-7C9CA289A2D8}.Release|Mixed Platforms.Deploy.0 = Release|Any CPU
		{0008367D-6FAD-4BD1-AF74-7C9CA289A2D8}.Release|x86.ActiveCfg = Release|Any CPU
		{9E6F2C81-FFB0-44CE-A81C-E55D7AD6928A}.Debug|Any CPU.ActiveCfg = Debug|Any CPU
		{9E6F2C81-FFB0-44CE-A81C-E55D7AD6928A}.Debug|Any CPU.Build.0 = Debug|Any CPU
		{9E6F2C81-FFB0-44CE-A81C-E55D7AD6928A}.Debug|Mixed Platforms.ActiveCfg = Debug|Any CPU
		{9E6F2C81-FFB0-44CE-A81C-E55D7AD6928A}.Debug|Mixed Platforms.Build.0 = Debug|Any CPU
		{9E6F2C81-FFB0-44CE-A81C-E55D7AD6928A}.Debug|x86.ActiveCfg = Debug|Any CPU
		{9E6F2C81-FFB0-44CE-A81C-E55D7AD6928A}.Release|Any CPU.ActiveCfg = Release|Any CPU
		{9E6F2C81-FFB0-44CE-A81C-E55D7AD6928A}.Release|Any CPU.Build.0 = Release|Any CPU
		{9E6F2C81-FFB0-44CE-A81C-E55D7AD6928A}.Release|Mixed Platforms.ActiveCfg = Release|Any CPU
		{9E6F2C81-FFB0-44CE-A81C-E55D7AD6928A}.Release|Mixed Platforms.Build.0 = Release|Any CPU
		{9E6F2C81-FFB0-44CE-A81C-E55D7AD6928A}.Release|x86.ActiveCfg = Release|Any CPU
		{73A62EFC-F872-4BF3-83CE-3EF5E11D7B7C}.Debug|Any CPU.ActiveCfg = Debug|Any CPU
		{73A62EFC-F872-4BF3-83CE-3EF5E11D7B7C}.Debug|Any CPU.Build.0 = Debug|Any CPU
		{73A62EFC-F872-4BF3-83CE-3EF5E11D7B7C}.Debug|Mixed Platforms.ActiveCfg = Debug|Any CPU
		{73A62EFC-F872-4BF3-83CE-3EF5E11D7B7C}.Debug|Mixed Platforms.Build.0 = Debug|Any CPU
		{73A62EFC-F872-4BF3-83CE-3EF5E11D7B7C}.Debug|x86.ActiveCfg = Debug|Any CPU
		{73A62EFC-F872-4BF3-83CE-3EF5E11D7B7C}.Release|Any CPU.ActiveCfg = Release|Any CPU
		{73A62EFC-F872-4BF3-83CE-3EF5E11D7B7C}.Release|Any CPU.Build.0 = Release|Any CPU
		{73A62EFC-F872-4BF3-83CE-3EF5E11D7B7C}.Release|Mixed Platforms.ActiveCfg = Release|Any CPU
		{73A62EFC-F872-4BF3-83CE-3EF5E11D7B7C}.Release|Mixed Platforms.Build.0 = Release|Any CPU
		{73A62EFC-F872-4BF3-83CE-3EF5E11D7B7C}.Release|x86.ActiveCfg = Release|Any CPU
		{911FAE2C-E41F-45BA-B1B3-341A7D188D41}.Debug|Any CPU.ActiveCfg = Debug|Any CPU
		{911FAE2C-E41F-45BA-B1B3-341A7D188D41}.Debug|Any CPU.Build.0 = Debug|Any CPU
		{911FAE2C-E41F-45BA-B1B3-341A7D188D41}.Debug|Mixed Platforms.ActiveCfg = Debug|Any CPU
		{911FAE2C-E41F-45BA-B1B3-341A7D188D41}.Debug|Mixed Platforms.Build.0 = Debug|Any CPU
		{911FAE2C-E41F-45BA-B1B3-341A7D188D41}.Debug|x86.ActiveCfg = Debug|Any CPU
		{911FAE2C-E41F-45BA-B1B3-341A7D188D41}.Release|Any CPU.ActiveCfg = Release|Any CPU
		{911FAE2C-E41F-45BA-B1B3-341A7D188D41}.Release|Any CPU.Build.0 = Release|Any CPU
		{911FAE2C-E41F-45BA-B1B3-341A7D188D41}.Release|Mixed Platforms.ActiveCfg = Release|Any CPU
		{911FAE2C-E41F-45BA-B1B3-341A7D188D41}.Release|Mixed Platforms.Build.0 = Release|Any CPU
		{911FAE2C-E41F-45BA-B1B3-341A7D188D41}.Release|x86.ActiveCfg = Release|Any CPU
	EndGlobalSection
	GlobalSection(SolutionProperties) = preSolution
		HideSolutionNode = FALSE
	EndGlobalSection
EndGlobal
