
Microsoft Visual Studio Solution File, Format Version 12.00
# Visual Studio 15
VisualStudioVersion = 15.0.27130.2010
MinimumVisualStudioVersion = 10.0.40219.1
Project("{FAE04EC0-301F-11D3-BF4B-00C04F79EFBC}") = "PrototypeDotNetFrameworkWinExe", "PrototypeDotNetFrameworkWinExe.csproj", "{18F4920E-D8CC-4A8F-90DD-22F28A46FC7C}"
EndProject
Global
	GlobalSection(SolutionConfigurationPlatforms) = preSolution
		Debug|Any CPU = Debug|Any CPU
		Release|Any CPU = Release|Any CPU
	EndGlobalSection
	GlobalSection(ProjectConfigurationPlatforms) = postSolution
		{18F4920E-D8CC-4A8F-90DD-22F28A46FC7C}.Debug|Any CPU.ActiveCfg = Debug|Any CPU
		{18F4920E-D8CC-4A8F-90DD-22F28A46FC7C}.Debug|Any CPU.Build.0 = Debug|Any CPU
		{18F4920E-D8CC-4A8F-90DD-22F28A46FC7C}.Release|Any CPU.ActiveCfg = Release|Any CPU
		{18F4920E-D8CC-4A8F-90DD-22F28A46FC7C}.Release|Any CPU.Build.0 = Release|Any CPU
	EndGlobalSection
	GlobalSection(SolutionProperties) = preSolution
		HideSolutionNode = FALSE
	EndGlobalSection
	GlobalSection(ExtensibilityGlobals) = postSolution
		SolutionGuid = {FBBCB10F-0F48-4675-8D8B-85739D0D0B14}
	EndGlobalSection
EndGlobal
