
Microsoft Visual Studio Solution File, Format Version 12.00
# Visual Studio 15
VisualStudioVersion = 15.0.27130.2010
MinimumVisualStudioVersion = 10.0.40219.1
Project("{FAE04EC0-301F-11D3-BF4B-00C04F79EFBC}") = "PrototypeDotNetFrameworkWinExe", "PrototypeDotNetFrameworkWinExe.csproj", "{BF606E64-14EC-43D4-A592-5A5D13D14BCF}"
EndProject
Global
	GlobalSection(SolutionConfigurationPlatforms) = preSolution
		Debug|Any CPU = Debug|Any CPU
		Release|Any CPU = Release|Any CPU
	EndGlobalSection
	GlobalSection(ProjectConfigurationPlatforms) = postSolution
		{BF606E64-14EC-43D4-A592-5A5D13D14BCF}.Debug|Any CPU.ActiveCfg = Debug|Any CPU
		{BF606E64-14EC-43D4-A592-5A5D13D14BCF}.Debug|Any CPU.Build.0 = Debug|Any CPU
		{BF606E64-14EC-43D4-A592-5A5D13D14BCF}.Release|Any CPU.ActiveCfg = Release|Any CPU
		{BF606E64-14EC-43D4-A592-5A5D13D14BCF}.Release|Any CPU.Build.0 = Release|Any CPU
	EndGlobalSection
	GlobalSection(SolutionProperties) = preSolution
		HideSolutionNode = FALSE
	EndGlobalSection
	GlobalSection(ExtensibilityGlobals) = postSolution
		SolutionGuid = {EAEFCA0D-5C74-45F7-B51B-69B53554C2AB}
	EndGlobalSection
EndGlobal
