
Microsoft Visual Studio Solution File, Format Version 12.00
# Visual Studio 15
VisualStudioVersion = 15.0.27130.2010
MinimumVisualStudioVersion = 10.0.40219.1
Project("{FAE04EC0-301F-11D3-BF4B-00C04F79EFBC}") = "Contract", "Contract.csproj", "{F756FF93-C98E-408C-9E25-EA7578E248F0}"
EndProject
Global
	GlobalSection(SolutionConfigurationPlatforms) = preSolution
		Debug|Any CPU = Debug|Any CPU
		Release|Any CPU = Release|Any CPU
	EndGlobalSection
	GlobalSection(ProjectConfigurationPlatforms) = postSolution
		{F756FF93-C98E-408C-9E25-EA7578E248F0}.Debug|Any CPU.ActiveCfg = Debug|Any CPU
		{F756FF93-C98E-408C-9E25-EA7578E248F0}.Debug|Any CPU.Build.0 = Debug|Any CPU
		{F756FF93-C98E-408C-9E25-EA7578E248F0}.Release|Any CPU.ActiveCfg = Release|Any CPU
		{F756FF93-C98E-408C-9E25-EA7578E248F0}.Release|Any CPU.Build.0 = Release|Any CPU
	EndGlobalSection
	GlobalSection(SolutionProperties) = preSolution
		HideSolutionNode = FALSE
	EndGlobalSection
	GlobalSection(ExtensibilityGlobals) = postSolution
		SolutionGuid = {4D007F14-217B-47A6-A868-DF64DC56FD62}
	EndGlobalSection
EndGlobal
