
Microsoft Visual Studio Solution File, Format Version 12.00
# Visual Studio 15
VisualStudioVersion = 15.0.27130.2010
MinimumVisualStudioVersion = 10.0.40219.1
Project("{FAE04EC0-301F-11D3-BF4B-00C04F79EFBC}") = "Contract", "Contract.csproj", "{7258C837-70A1-4B4B-8485-5E524DB71A5B}"
EndProject
Global
	GlobalSection(SolutionConfigurationPlatforms) = preSolution
		Debug|Any CPU = Debug|Any CPU
		Release|Any CPU = Release|Any CPU
	EndGlobalSection
	GlobalSection(ProjectConfigurationPlatforms) = postSolution
		{7258C837-70A1-4B4B-8485-5E524DB71A5B}.Debug|Any CPU.ActiveCfg = Debug|Any CPU
		{7258C837-70A1-4B4B-8485-5E524DB71A5B}.Debug|Any CPU.Build.0 = Debug|Any CPU
		{7258C837-70A1-4B4B-8485-5E524DB71A5B}.Release|Any CPU.ActiveCfg = Release|Any CPU
		{7258C837-70A1-4B4B-8485-5E524DB71A5B}.Release|Any CPU.Build.0 = Release|Any CPU
	EndGlobalSection
	GlobalSection(SolutionProperties) = preSolution
		HideSolutionNode = FALSE
	EndGlobalSection
	GlobalSection(ExtensibilityGlobals) = postSolution
		SolutionGuid = {9DA0983B-268E-4E0F-A005-9DC5AB21BAF2}
	EndGlobalSection
EndGlobal
