
Microsoft Visual Studio Solution File, Format Version 12.00
# Visual Studio 15
VisualStudioVersion = 15.0.27130.2010
MinimumVisualStudioVersion = 10.0.40219.1
Project("{FAE04EC0-301F-11D3-BF4B-00C04F79EFBC}") = "WinForm", "WinForm.csproj", "{C49001EC-9FCE-4BD6-8F34-B03C2BD32C51}"
EndProject
Global
	GlobalSection(SolutionConfigurationPlatforms) = preSolution
		Debug|Any CPU = Debug|Any CPU
		Release|Any CPU = Release|Any CPU
	EndGlobalSection
	GlobalSection(ProjectConfigurationPlatforms) = postSolution
		{C49001EC-9FCE-4BD6-8F34-B03C2BD32C51}.Debug|Any CPU.ActiveCfg = Debug|Any CPU
		{C49001EC-9FCE-4BD6-8F34-B03C2BD32C51}.Debug|Any CPU.Build.0 = Debug|Any CPU
		{C49001EC-9FCE-4BD6-8F34-B03C2BD32C51}.Release|Any CPU.ActiveCfg = Release|Any CPU
		{C49001EC-9FCE-4BD6-8F34-B03C2BD32C51}.Release|Any CPU.Build.0 = Release|Any CPU
	EndGlobalSection
	GlobalSection(SolutionProperties) = preSolution
		HideSolutionNode = FALSE
	EndGlobalSection
	GlobalSection(ExtensibilityGlobals) = postSolution
		SolutionGuid = {93C51AFD-7620-42A1-9A22-2664835D0BFE}
	EndGlobalSection
EndGlobal
