
Microsoft Visual Studio Solution File, Format Version 12.00
# Visual Studio 15
VisualStudioVersion = 15.0.27130.2010
MinimumVisualStudioVersion = 10.0.40219.1
Project("{FAE04EC0-301F-11D3-BF4B-00C04F79EFBC}") = "WinForm", "WinForm.csproj", "{EB05027D-2C11-4744-AB0E-1F57C412FB6B}"
EndProject
Global
	GlobalSection(SolutionConfigurationPlatforms) = preSolution
		Debug|Any CPU = Debug|Any CPU
		Release|Any CPU = Release|Any CPU
	EndGlobalSection
	GlobalSection(ProjectConfigurationPlatforms) = postSolution
		{EB05027D-2C11-4744-AB0E-1F57C412FB6B}.Debug|Any CPU.ActiveCfg = Debug|Any CPU
		{EB05027D-2C11-4744-AB0E-1F57C412FB6B}.Debug|Any CPU.Build.0 = Debug|Any CPU
		{EB05027D-2C11-4744-AB0E-1F57C412FB6B}.Release|Any CPU.ActiveCfg = Release|Any CPU
		{EB05027D-2C11-4744-AB0E-1F57C412FB6B}.Release|Any CPU.Build.0 = Release|Any CPU
	EndGlobalSection
	GlobalSection(SolutionProperties) = preSolution
		HideSolutionNode = FALSE
	EndGlobalSection
	GlobalSection(ExtensibilityGlobals) = postSolution
		SolutionGuid = {AB3BDB7C-9038-405C-B588-C528EDF5D3CB}
	EndGlobalSection
EndGlobal
