Microsoft Visual Studio Solution File, Format Version 12.00
# Visual Studio 15
VisualStudioVersion = 15.0.27130.2010
MinimumVisualStudioVersion = 10.0.40219.1
Project("{00d1a9c2-b5f0-4af3-8072-f6c62b433612}") = "Database", "Database.sqlproj", "{e3ac683b-7095-4bfa-a813-d6ca3ba06a69}"
EndProject
Global
	GlobalSection(SolutionConfigurationPlatforms) = preSolution
		Debug|Any CPU = Debug|Any CPU
		Release|Any CPU = Release|Any CPU
	EndGlobalSection
	GlobalSection(ProjectConfigurationPlatforms) = postSolution
		{e3ac683b-7095-4bfa-a813-d6ca3ba06a69}.Debug|Any CPU.ActiveCfg = Debug|Any CPU
		{e3ac683b-7095-4bfa-a813-d6ca3ba06a69}.Debug|Any CPU.Build.0 = Debug|Any CPU
		{e3ac683b-7095-4bfa-a813-d6ca3ba06a69}.Debug|Any CPU.Deploy.0 = Debug|Any CPU
		{e3ac683b-7095-4bfa-a813-d6ca3ba06a69}.Release|Any CPU.ActiveCfg = Release|Any CPU
		{e3ac683b-7095-4bfa-a813-d6ca3ba06a69}.Release|Any CPU.Build.0 = Release|Any CPU
		{e3ac683b-7095-4bfa-a813-d6ca3ba06a69}.Release|Any CPU.Deploy.0 = Release|Any CPU
	EndGlobalSection
	GlobalSection(SolutionProperties) = preSolution
		HideSolutionNode = FALSE
	EndGlobalSection
EndGlobal