Microsoft Visual Studio Solution File, Format Version 12.00
# Visual Studio 15
VisualStudioVersion = 15.0.27130.2010
MinimumVisualStudioVersion = 10.0.40219.1
Project("{00d1a9c2-b5f0-4af3-8072-f6c62b433612}") = "Database", "Database.sqlproj", "{3d80df5c-cf6b-4f9a-ac6c-8f7809270f68}"
EndProject
Global
	GlobalSection(SolutionConfigurationPlatforms) = preSolution
		Debug|Any CPU = Debug|Any CPU
		Release|Any CPU = Release|Any CPU
	EndGlobalSection
	GlobalSection(ProjectConfigurationPlatforms) = postSolution
		{3d80df5c-cf6b-4f9a-ac6c-8f7809270f68}.Debug|Any CPU.ActiveCfg = Debug|Any CPU
		{3d80df5c-cf6b-4f9a-ac6c-8f7809270f68}.Debug|Any CPU.Build.0 = Debug|Any CPU
		{3d80df5c-cf6b-4f9a-ac6c-8f7809270f68}.Debug|Any CPU.Deploy.0 = Debug|Any CPU
		{3d80df5c-cf6b-4f9a-ac6c-8f7809270f68}.Release|Any CPU.ActiveCfg = Release|Any CPU
		{3d80df5c-cf6b-4f9a-ac6c-8f7809270f68}.Release|Any CPU.Build.0 = Release|Any CPU
		{3d80df5c-cf6b-4f9a-ac6c-8f7809270f68}.Release|Any CPU.Deploy.0 = Release|Any CPU
	EndGlobalSection
	GlobalSection(SolutionProperties) = preSolution
		HideSolutionNode = FALSE
	EndGlobalSection
EndGlobal