Microsoft Visual Studio Solution File, Format Version 12.00
# Visual Studio 15
VisualStudioVersion = 15.0.27130.2010
MinimumVisualStudioVersion = 10.0.40219.1
Project("{00d1a9c2-b5f0-4af3-8072-f6c62b433612}") = "Database", "Database.sqlproj", "{b19ade13-29dc-4736-9891-182948ba45c4}"
EndProject
Global
	GlobalSection(SolutionConfigurationPlatforms) = preSolution
		Debug|Any CPU = Debug|Any CPU
		Release|Any CPU = Release|Any CPU
	EndGlobalSection
	GlobalSection(ProjectConfigurationPlatforms) = postSolution
		{b19ade13-29dc-4736-9891-182948ba45c4}.Debug|Any CPU.ActiveCfg = Debug|Any CPU
		{b19ade13-29dc-4736-9891-182948ba45c4}.Debug|Any CPU.Build.0 = Debug|Any CPU
		{b19ade13-29dc-4736-9891-182948ba45c4}.Debug|Any CPU.Deploy.0 = Debug|Any CPU
		{b19ade13-29dc-4736-9891-182948ba45c4}.Release|Any CPU.ActiveCfg = Release|Any CPU
		{b19ade13-29dc-4736-9891-182948ba45c4}.Release|Any CPU.Build.0 = Release|Any CPU
		{b19ade13-29dc-4736-9891-182948ba45c4}.Release|Any CPU.Deploy.0 = Release|Any CPU
	EndGlobalSection
	GlobalSection(SolutionProperties) = preSolution
		HideSolutionNode = FALSE
	EndGlobalSection
EndGlobal