
Microsoft Visual Studio Solution File, Format Version 12.00
# Visual Studio 15
VisualStudioVersion = 15.0.27130.2010
MinimumVisualStudioVersion = 10.0.40219.1
Project("{FAE04EC0-301F-11D3-BF4B-00C04F79EFBC}") = "XXPrototypeDotNetFrameworkClassLibraryCrudeData", "XXPrototypeDotNetFrameworkClassLibraryCrudeData.csproj", "{915587FB-CA71-4439-ACA3-05CAFE0EBCBC}"
EndProject
Global
	GlobalSection(SolutionConfigurationPlatforms) = preSolution
		Debug|Any CPU = Debug|Any CPU
		Release|Any CPU = Release|Any CPU
	EndGlobalSection
	GlobalSection(ProjectConfigurationPlatforms) = postSolution
		{915587FB-CA71-4439-ACA3-05CAFE0EBCBC}.Debug|Any CPU.ActiveCfg = Debug|Any CPU
		{915587FB-CA71-4439-ACA3-05CAFE0EBCBC}.Debug|Any CPU.Build.0 = Debug|Any CPU
		{915587FB-CA71-4439-ACA3-05CAFE0EBCBC}.Release|Any CPU.ActiveCfg = Release|Any CPU
		{915587FB-CA71-4439-ACA3-05CAFE0EBCBC}.Release|Any CPU.Build.0 = Release|Any CPU
	EndGlobalSection
	GlobalSection(SolutionProperties) = preSolution
		HideSolutionNode = FALSE
	EndGlobalSection
	GlobalSection(ExtensibilityGlobals) = postSolution
		SolutionGuid = {F29A3F8F-91E4-4B70-90C1-B3BF4836626B}
	EndGlobalSection
EndGlobal
