
Microsoft Visual Studio Solution File, Format Version 12.00
# Visual Studio 15
VisualStudioVersion = 15.0.27130.2010
MinimumVisualStudioVersion = 10.0.40219.1
Project("{FAE04EC0-301F-11D3-BF4B-00C04F79EFBC}") = "XXPrototypeDotNetFrameworkWebAppMvcCrudeAspMvc", "XXPrototypeDotNetFrameworkWebAppMvcCrudeAspMvc.csproj", "{5CD62655-1590-41FF-80BD-339365C9F973}"
EndProject
Global
	GlobalSection(SolutionConfigurationPlatforms) = preSolution
		Debug|Any CPU = Debug|Any CPU
		Release|Any CPU = Release|Any CPU
	EndGlobalSection
	GlobalSection(ProjectConfigurationPlatforms) = postSolution
		{5CD62655-1590-41FF-80BD-339365C9F973}.Debug|Any CPU.ActiveCfg = Debug|Any CPU
		{5CD62655-1590-41FF-80BD-339365C9F973}.Debug|Any CPU.Build.0 = Debug|Any CPU
		{5CD62655-1590-41FF-80BD-339365C9F973}.Release|Any CPU.ActiveCfg = Release|Any CPU
		{5CD62655-1590-41FF-80BD-339365C9F973}.Release|Any CPU.Build.0 = Release|Any CPU
	EndGlobalSection
	GlobalSection(SolutionProperties) = preSolution
		HideSolutionNode = FALSE
	EndGlobalSection
	GlobalSection(ExtensibilityGlobals) = postSolution
		SolutionGuid = {7530DD9D-7C41-4051-8388-8CE279BBB128}
	EndGlobalSection
EndGlobal
