
Microsoft Visual Studio Solution File, Format Version 12.00
# Visual Studio 15
VisualStudioVersion = 15.0.27130.2010
MinimumVisualStudioVersion = 10.0.40219.1
Project("{FAE04EC0-301F-11D3-BF4B-00C04F79EFBC}") = "Proxy", "Proxy.csproj", "{E5EFEF59-2CF1-49BF-9D20-1FB8CDC2F188}"
EndProject
Global
	GlobalSection(SolutionConfigurationPlatforms) = preSolution
		Debug|Any CPU = Debug|Any CPU
		Release|Any CPU = Release|Any CPU
	EndGlobalSection
	GlobalSection(ProjectConfigurationPlatforms) = postSolution
		{E5EFEF59-2CF1-49BF-9D20-1FB8CDC2F188}.Debug|Any CPU.ActiveCfg = Debug|Any CPU
		{E5EFEF59-2CF1-49BF-9D20-1FB8CDC2F188}.Debug|Any CPU.Build.0 = Debug|Any CPU
		{E5EFEF59-2CF1-49BF-9D20-1FB8CDC2F188}.Release|Any CPU.ActiveCfg = Release|Any CPU
		{E5EFEF59-2CF1-49BF-9D20-1FB8CDC2F188}.Release|Any CPU.Build.0 = Release|Any CPU
	EndGlobalSection
	GlobalSection(SolutionProperties) = preSolution
		HideSolutionNode = FALSE
	EndGlobalSection
	GlobalSection(ExtensibilityGlobals) = postSolution
		SolutionGuid = {648DD6FB-429E-4E27-AC0A-F11389210FD0}
	EndGlobalSection
EndGlobal
