
Microsoft Visual Studio Solution File, Format Version 12.00
# Visual Studio 15
VisualStudioVersion = 15.0.27130.2010
MinimumVisualStudioVersion = 10.0.40219.1
Project("{FAE04EC0-301F-11D3-BF4B-00C04F79EFBC}") = "Data", "Data.csproj", "{3FC55E01-337E-4F86-A07C-4D981CC760BF}"
EndProject
Global
	GlobalSection(SolutionConfigurationPlatforms) = preSolution
		Debug|Any CPU = Debug|Any CPU
		Release|Any CPU = Release|Any CPU
	EndGlobalSection
	GlobalSection(ProjectConfigurationPlatforms) = postSolution
		{3FC55E01-337E-4F86-A07C-4D981CC760BF}.Debug|Any CPU.ActiveCfg = Debug|Any CPU
		{3FC55E01-337E-4F86-A07C-4D981CC760BF}.Debug|Any CPU.Build.0 = Debug|Any CPU
		{3FC55E01-337E-4F86-A07C-4D981CC760BF}.Release|Any CPU.ActiveCfg = Release|Any CPU
		{3FC55E01-337E-4F86-A07C-4D981CC760BF}.Release|Any CPU.Build.0 = Release|Any CPU
	EndGlobalSection
	GlobalSection(SolutionProperties) = preSolution
		HideSolutionNode = FALSE
	EndGlobalSection
	GlobalSection(ExtensibilityGlobals) = postSolution
		SolutionGuid = {03B6A522-6FED-4E64-9B1D-CA037259F2A3}
	EndGlobalSection
EndGlobal
