
Microsoft Visual Studio Solution File, Format Version 12.00
# Visual Studio 15
VisualStudioVersion = 15.0.27130.2010
MinimumVisualStudioVersion = 10.0.40219.1
Project("{FAE04EC0-301F-11D3-BF4B-00C04F79EFBC}") = "Data", "Data.csproj", "{226806EB-950A-4827-AD91-BDB6C1783EF2}"
EndProject
Global
	GlobalSection(SolutionConfigurationPlatforms) = preSolution
		Debug|Any CPU = Debug|Any CPU
		Release|Any CPU = Release|Any CPU
	EndGlobalSection
	GlobalSection(ProjectConfigurationPlatforms) = postSolution
		{226806EB-950A-4827-AD91-BDB6C1783EF2}.Debug|Any CPU.ActiveCfg = Debug|Any CPU
		{226806EB-950A-4827-AD91-BDB6C1783EF2}.Debug|Any CPU.Build.0 = Debug|Any CPU
		{226806EB-950A-4827-AD91-BDB6C1783EF2}.Release|Any CPU.ActiveCfg = Release|Any CPU
		{226806EB-950A-4827-AD91-BDB6C1783EF2}.Release|Any CPU.Build.0 = Release|Any CPU
	EndGlobalSection
	GlobalSection(SolutionProperties) = preSolution
		HideSolutionNode = FALSE
	EndGlobalSection
	GlobalSection(ExtensibilityGlobals) = postSolution
		SolutionGuid = {7BF64D97-0902-4069-B0F5-58BAD72C4F39}
	EndGlobalSection
EndGlobal
