
Microsoft Visual Studio Solution File, Format Version 12.00
# Visual Studio 15
VisualStudioVersion = 15.0.27130.2010
MinimumVisualStudioVersion = 10.0.40219.1
Project("{FAE04EC0-301F-11D3-BF4B-00C04F79EFBC}") = "Data", "Data.csproj", "{75C06ABD-99C6-4259-9089-B39A6451508B}"
EndProject
Global
	GlobalSection(SolutionConfigurationPlatforms) = preSolution
		Debug|Any CPU = Debug|Any CPU
		Release|Any CPU = Release|Any CPU
	EndGlobalSection
	GlobalSection(ProjectConfigurationPlatforms) = postSolution
		{75C06ABD-99C6-4259-9089-B39A6451508B}.Debug|Any CPU.ActiveCfg = Debug|Any CPU
		{75C06ABD-99C6-4259-9089-B39A6451508B}.Debug|Any CPU.Build.0 = Debug|Any CPU
		{75C06ABD-99C6-4259-9089-B39A6451508B}.Release|Any CPU.ActiveCfg = Release|Any CPU
		{75C06ABD-99C6-4259-9089-B39A6451508B}.Release|Any CPU.Build.0 = Release|Any CPU
	EndGlobalSection
	GlobalSection(SolutionProperties) = preSolution
		HideSolutionNode = FALSE
	EndGlobalSection
	GlobalSection(ExtensibilityGlobals) = postSolution
		SolutionGuid = {983BC3C5-9DA7-4E13-B3D0-CA8246F10C85}
	EndGlobalSection
EndGlobal
