
Microsoft Visual Studio Solution File, Format Version 12.00
# Visual Studio 15
VisualStudioVersion = 15.0.27130.2010
MinimumVisualStudioVersion = 10.0.40219.1
Project("{FAE04EC0-301F-11D3-BF4B-00C04F79EFBC}") = "XXPrototypeDotNetFrameworkWebAppCrudeBusiness", "XXPrototypeDotNetFrameworkWebAppCrudeBusiness.csproj", "{FA1688C7-A228-4A26-A921-098E62CB2BD7}"
EndProject
Global
	GlobalSection(SolutionConfigurationPlatforms) = preSolution
		Debug|Any CPU = Debug|Any CPU
		Release|Any CPU = Release|Any CPU
	EndGlobalSection
	GlobalSection(ProjectConfigurationPlatforms) = postSolution
		{FA1688C7-A228-4A26-A921-098E62CB2BD7}.Debug|Any CPU.ActiveCfg = Debug|Any CPU
		{FA1688C7-A228-4A26-A921-098E62CB2BD7}.Debug|Any CPU.Build.0 = Debug|Any CPU
		{FA1688C7-A228-4A26-A921-098E62CB2BD7}.Release|Any CPU.ActiveCfg = Release|Any CPU
		{FA1688C7-A228-4A26-A921-098E62CB2BD7}.Release|Any CPU.Build.0 = Release|Any CPU
	EndGlobalSection
	GlobalSection(SolutionProperties) = preSolution
		HideSolutionNode = FALSE
	EndGlobalSection
	GlobalSection(ExtensibilityGlobals) = postSolution
		SolutionGuid = {4804817B-42D3-4AD3-AC1E-E8E93614A208}
	EndGlobalSection
EndGlobal
