
Microsoft Visual Studio Solution File, Format Version 12.00
# Visual Studio 15
VisualStudioVersion = 15.0.27130.2010
MinimumVisualStudioVersion = 10.0.40219.1
Project("{FAE04EC0-301F-11D3-BF4B-00C04F79EFBC}") = "XXPrototypeDotNetFrameworkClassLibraryCrudeProxy", "XXPrototypeDotNetFrameworkClassLibraryCrudeProxy.csproj", "{9BDF68B5-BC79-43F5-9D0C-B3CDF26643D0}"
EndProject
Global
	GlobalSection(SolutionConfigurationPlatforms) = preSolution
		Debug|Any CPU = Debug|Any CPU
		Release|Any CPU = Release|Any CPU
	EndGlobalSection
	GlobalSection(ProjectConfigurationPlatforms) = postSolution
		{9BDF68B5-BC79-43F5-9D0C-B3CDF26643D0}.Debug|Any CPU.ActiveCfg = Debug|Any CPU
		{9BDF68B5-BC79-43F5-9D0C-B3CDF26643D0}.Debug|Any CPU.Build.0 = Debug|Any CPU
		{9BDF68B5-BC79-43F5-9D0C-B3CDF26643D0}.Release|Any CPU.ActiveCfg = Release|Any CPU
		{9BDF68B5-BC79-43F5-9D0C-B3CDF26643D0}.Release|Any CPU.Build.0 = Release|Any CPU
	EndGlobalSection
	GlobalSection(SolutionProperties) = preSolution
		HideSolutionNode = FALSE
	EndGlobalSection
	GlobalSection(ExtensibilityGlobals) = postSolution
		SolutionGuid = {2F63C5B2-E666-412E-AE7F-E8B9E88CC6BB}
	EndGlobalSection
EndGlobal
