
Microsoft Visual Studio Solution File, Format Version 12.00
# Visual Studio 15
VisualStudioVersion = 15.0.27130.2010
MinimumVisualStudioVersion = 10.0.40219.1
Project("{FAE04EC0-301F-11D3-BF4B-00C04F79EFBC}") = "Web", "Web.csproj", "{F174CE5F-559A-418C-9009-87AC304FEC7B}"
EndProject
Global
	GlobalSection(SolutionConfigurationPlatforms) = preSolution
		Debug|Any CPU = Debug|Any CPU
		Release|Any CPU = Release|Any CPU
	EndGlobalSection
	GlobalSection(ProjectConfigurationPlatforms) = postSolution
		{F174CE5F-559A-418C-9009-87AC304FEC7B}.Debug|Any CPU.ActiveCfg = Debug|Any CPU
		{F174CE5F-559A-418C-9009-87AC304FEC7B}.Debug|Any CPU.Build.0 = Debug|Any CPU
		{F174CE5F-559A-418C-9009-87AC304FEC7B}.Release|Any CPU.ActiveCfg = Release|Any CPU
		{F174CE5F-559A-418C-9009-87AC304FEC7B}.Release|Any CPU.Build.0 = Release|Any CPU
	EndGlobalSection
	GlobalSection(SolutionProperties) = preSolution
		HideSolutionNode = FALSE
	EndGlobalSection
	GlobalSection(ExtensibilityGlobals) = postSolution
		SolutionGuid = {2959B2E6-E718-4299-8109-A4C6D9B88357}
	EndGlobalSection
EndGlobal
